
Microsoft Visual Studio Solution File, Format Version 12.00
# Visual Studio Version 16
VisualStudioVersion = 16.0.30804.86
MinimumVisualStudioVersion = 10.0.40219.1
Project("{FAE04EC0-301F-11D3-BF4B-00C04F79EFBC}") = "RentCar", "RentCar.csproj", "{BB4237AC-E6B3-421A-A130-902F32579C0D}"
EndProject
Global
	GlobalSection(SolutionConfigurationPlatforms) = preSolution
		Debug|Any CPU = Debug|Any CPU
		Release|Any CPU = Release|Any CPU
	EndGlobalSection
	GlobalSection(ProjectConfigurationPlatforms) = postSolution
		{BB4237AC-E6B3-421A-A130-902F32579C0D}.Debug|Any CPU.ActiveCfg = Debug|Any CPU
		{BB4237AC-E6B3-421A-A130-902F32579C0D}.Debug|Any CPU.Build.0 = Debug|Any CPU
		{BB4237AC-E6B3-421A-A130-902F32579C0D}.Release|Any CPU.ActiveCfg = Release|Any CPU
		{BB4237AC-E6B3-421A-A130-902F32579C0D}.Release|Any CPU.Build.0 = Release|Any CPU
	EndGlobalSection
	GlobalSection(SolutionProperties) = preSolution
		HideSolutionNode = FALSE
	EndGlobalSection
	GlobalSection(ExtensibilityGlobals) = postSolution
		SolutionGuid = {08C83DB5-F48E-45C0-96C2-F23122FA4220}
	EndGlobalSection
EndGlobal
